
Microsoft Visual Studio Solution File, Format Version 12.00
Project("{2150E333-8FDC-42A3-9474-1A3956D46DE8}") = "src", "src", "{6EAFE04D-4DE7-40AB-AA01-0DD1F5A4BF81}"
EndProject
Project("{2150E333-8FDC-42A3-9474-1A3956D46DE8}") = "test", "test", "{D35924D7-C26D-4B44-8C56-41937A95A6FA}"
EndProject
Project("{FAE04EC0-301F-11D3-BF4B-00C04F79EFBC}") = "Path.TestCase.Api", "src\Path.TestCase.Api\Path.TestCase.Api.csproj", "{9761FAF4-7D82-4E19-9697-B8BDD07D2BB6}"
EndProject
Project("{FAE04EC0-301F-11D3-BF4B-00C04F79EFBC}") = "Path.TestCase.Core", "src\Path.TestCase.Core\Path.TestCase.Core.csproj", "{454E8792-C8A0-492E-8F75-655E9DE8321A}"
EndProject
Project("{FAE04EC0-301F-11D3-BF4B-00C04F79EFBC}") = "Path.TestCase.Infrastructure", "src\Path.TestCase.Infrastructure\Path.TestCase.Infrastructure.csproj", "{84B30BA9-862A-4AD7-B850-55F429A4D60F}"
EndProject
Project("{FAE04EC0-301F-11D3-BF4B-00C04F79EFBC}") = "Path.TestCase.Application", "src\Path.TestCase.Application\Path.TestCase.Application.csproj", "{271FD132-1235-45A8-A26A-61062CD2B39A}"
EndProject
Global
	GlobalSection(SolutionConfigurationPlatforms) = preSolution
		Debug|Any CPU = Debug|Any CPU
		Release|Any CPU = Release|Any CPU
	EndGlobalSection
	GlobalSection(NestedProjects) = preSolution
		{9761FAF4-7D82-4E19-9697-B8BDD07D2BB6} = {6EAFE04D-4DE7-40AB-AA01-0DD1F5A4BF81}
		{454E8792-C8A0-492E-8F75-655E9DE8321A} = {6EAFE04D-4DE7-40AB-AA01-0DD1F5A4BF81}
		{84B30BA9-862A-4AD7-B850-55F429A4D60F} = {6EAFE04D-4DE7-40AB-AA01-0DD1F5A4BF81}
		{271FD132-1235-45A8-A26A-61062CD2B39A} = {6EAFE04D-4DE7-40AB-AA01-0DD1F5A4BF81}
	EndGlobalSection
	GlobalSection(ProjectConfigurationPlatforms) = postSolution
		{9761FAF4-7D82-4E19-9697-B8BDD07D2BB6}.Debug|Any CPU.ActiveCfg = Debug|Any CPU
		{9761FAF4-7D82-4E19-9697-B8BDD07D2BB6}.Debug|Any CPU.Build.0 = Debug|Any CPU
		{9761FAF4-7D82-4E19-9697-B8BDD07D2BB6}.Release|Any CPU.ActiveCfg = Release|Any CPU
		{9761FAF4-7D82-4E19-9697-B8BDD07D2BB6}.Release|Any CPU.Build.0 = Release|Any CPU
		{454E8792-C8A0-492E-8F75-655E9DE8321A}.Debug|Any CPU.ActiveCfg = Debug|Any CPU
		{454E8792-C8A0-492E-8F75-655E9DE8321A}.Debug|Any CPU.Build.0 = Debug|Any CPU
		{454E8792-C8A0-492E-8F75-655E9DE8321A}.Release|Any CPU.ActiveCfg = Release|Any CPU
		{454E8792-C8A0-492E-8F75-655E9DE8321A}.Release|Any CPU.Build.0 = Release|Any CPU
		{84B30BA9-862A-4AD7-B850-55F429A4D60F}.Debug|Any CPU.ActiveCfg = Debug|Any CPU
		{84B30BA9-862A-4AD7-B850-55F429A4D60F}.Debug|Any CPU.Build.0 = Debug|Any CPU
		{84B30BA9-862A-4AD7-B850-55F429A4D60F}.Release|Any CPU.ActiveCfg = Release|Any CPU
		{84B30BA9-862A-4AD7-B850-55F429A4D60F}.Release|Any CPU.Build.0 = Release|Any CPU
		{271FD132-1235-45A8-A26A-61062CD2B39A}.Debug|Any CPU.ActiveCfg = Debug|Any CPU
		{271FD132-1235-45A8-A26A-61062CD2B39A}.Debug|Any CPU.Build.0 = Debug|Any CPU
		{271FD132-1235-45A8-A26A-61062CD2B39A}.Release|Any CPU.ActiveCfg = Release|Any CPU
		{271FD132-1235-45A8-A26A-61062CD2B39A}.Release|Any CPU.Build.0 = Release|Any CPU
	EndGlobalSection
EndGlobal
